{
    "_readme": [
        "This file locks the dependencies of your project to a known state",
        "Read more about it at https://getcomposer.org/doc/01-basic-usage.md#composer-lock-the-lock-file",
        "This file is @generated automatically"
    ],
    "hash": "c2291e2bdcc8d183bf7ac2c2487e7e5a",
    "content-hash": "985969fae8e67eb0aaf125fb7570a61d",
    "packages": [
        {
            "name": "composer/installers",
            "version": "dev-master",
            "source": {
                "type": "git",
                "url": "https://github.com/composer/installers.git",
                "reference": "3c90d491bafa3d0a1bd57a7d001da839a08d2f88"
            },
            "dist": {
                "type": "zip",
                "url": "https://api.github.com/repos/composer/installers/zipball/3c90d491bafa3d0a1bd57a7d001da839a08d2f88",
                "reference": "3c90d491bafa3d0a1bd57a7d001da839a08d2f88",
                "shasum": ""
            },
            "require": {
                "composer-plugin-api": "^1.0"
            },
            "replace": {
                "roundcube/plugin-installer": "*",
                "shama/baton": "*"
            },
            "require-dev": {
                "composer/composer": "1.0.*@dev",
                "phpunit/phpunit": "4.1.*"
            },
            "type": "composer-plugin",
            "extra": {
                "class": "Composer\\Installers\\Plugin",
                "branch-alias": {
                    "dev-master": "1.0-dev"
                }
            },
            "autoload": {
                "psr-4": {
                    "Composer\\Installers\\": "src/Composer/Installers"
                }
            },
            "notification-url": "https://packagist.org/downloads/",
            "license": [
                "MIT"
            ],
            "authors": [
                {
                    "name": "Kyle Robinson Young",
                    "email": "kyle@dontkry.com",
                    "homepage": "https://github.com/shama"
                }
            ],
            "description": "A multi-framework Composer library installer",
            "homepage": "https://composer.github.io/installers/",
            "keywords": [
                "Craft",
                "Dolibarr",
                "Hurad",
                "ImageCMS",
                "MODX Evo",
                "Mautic",
                "OXID",
                "RadPHP",
                "SMF",
                "Thelia",
                "WolfCMS",
                "agl",
                "aimeos",
                "annotatecms",
                "bitrix",
                "cakephp",
                "chef",
                "codeigniter",
                "concrete5",
                "croogo",
                "dokuwiki",
                "drupal",
                "elgg",
                "expressionengine",
                "fuelphp",
                "grav",
                "installer",
                "joomla",
                "kohana",
                "laravel",
                "lithium",
                "magento",
                "mako",
                "mediawiki",
                "modulework",
                "moodle",
                "phpbb",
                "piwik",
                "ppi",
                "puppet",
                "roundcube",
                "shopware",
                "silverstripe",
                "symfony",
                "typo3",
                "wordpress",
                "zend",
                "zikula"
            ],
            "time": "2016-06-24 07:03:15"
        },
        {
            "name": "wpackagist-plugin/better-wp-security",
            "version": "5.6.0",
            "source": {
                "type": "svn",
                "url": "https://plugins.svn.wordpress.org/better-wp-security/",
                "reference": "tags/5.6.0"
            },
            "dist": {
                "type": "zip",
                "url": "https://downloads.wordpress.org/plugin/better-wp-security.5.6.0.zip",
                "reference": null,
                "shasum": null
            },
            "require": {
                "composer/installers": "~1.0"
            },
            "type": "wordpress-plugin",
            "homepage": "https://wordpress.org/plugins/better-wp-security/"
        },
        {
            "name": "wpackagist-plugin/cmb2",
            "version": "2.2.2.1",
            "source": {
                "type": "svn",
                "url": "https://plugins.svn.wordpress.org/cmb2/",
                "reference": "trunk"
            },
            "dist": {
                "type": "zip",
                "url": "https://downloads.wordpress.org/plugin/cmb2.zip",
                "reference": null,
                "shasum": null
            },
            "require": {
                "composer/installers": "~1.0"
            },
            "type": "wordpress-plugin",
            "homepage": "https://wordpress.org/plugins/cmb2/"
        },
        {
            "name": "wpackagist-plugin/disable-comments",
            "version": "1.5",
            "source": {
                "type": "svn",
                "url": "https://plugins.svn.wordpress.org/disable-comments/",
                "reference": "tags/1.5"
            },
            "dist": {
                "type": "zip",
                "url": "https://downloads.wordpress.org/plugin/disable-comments.1.5.zip",
                "reference": null,
                "shasum": null
            },
            "require": {
                "composer/installers": "~1.0"
            },
            "type": "wordpress-plugin",
            "homepage": "https://wordpress.org/plugins/disable-comments/"
        },
        {
            "name": "wpackagist-plugin/duplicate-post",
            "version": "2.6",
            "source": {
                "type": "svn",
                "url": "https://plugins.svn.wordpress.org/duplicate-post/",
                "reference": "tags/2.6"
            },
            "dist": {
                "type": "zip",
                "url": "https://downloads.wordpress.org/plugin/duplicate-post.2.6.zip",
                "reference": null,
                "shasum": null
            },
            "require": {
                "composer/installers": "~1.0"
            },
            "type": "wordpress-plugin",
            "homepage": "https://wordpress.org/plugins/duplicate-post/"
        },
        {
            "name": "wpackagist-plugin/options-framework",
            "version": "1.8.5",
            "source": {
                "type": "svn",
                "url": "https://plugins.svn.wordpress.org/options-framework/",
                "reference": "tags/1.8.5"
            },
            "dist": {
                "type": "zip",
                "url": "https://downloads.wordpress.org/plugin/options-framework.1.8.5.zip",
                "reference": null,
                "shasum": null
            },
            "require": {
                "composer/installers": "~1.0"
            },
            "type": "wordpress-plugin",
            "homepage": "https://wordpress.org/plugins/options-framework/"
        },
        {
            "name": "wpackagist-plugin/redirection",
            "version": "2.4.5",
            "source": {
                "type": "svn",
                "url": "https://plugins.svn.wordpress.org/redirection/",
                "reference": "tags/2.4.5"
            },
            "dist": {
                "type": "zip",
                "url": "https://downloads.wordpress.org/plugin/redirection.2.4.5.zip",
                "reference": null,
                "shasum": null
            },
            "require": {
                "composer/installers": "~1.0"
            },
            "type": "wordpress-plugin",
            "homepage": "https://wordpress.org/plugins/redirection/"
        },
        {
            "name": "wpackagist-plugin/regenerate-thumbnails",
            "version": "2.2.6",
            "source": {
                "type": "svn",
                "url": "https://plugins.svn.wordpress.org/regenerate-thumbnails/",
                "reference": "tags/2.2.6"
            },
            "dist": {
                "type": "zip",
                "url": "https://downloads.wordpress.org/plugin/regenerate-thumbnails.2.2.6.zip",
                "reference": null,
                "shasum": null
            },
            "require": {
                "composer/installers": "~1.0"
            },
            "type": "wordpress-plugin",
            "homepage": "https://wordpress.org/plugins/regenerate-thumbnails/"
        },
        {
            "name": "wpackagist-plugin/user-role-editor",
            "version": "4.25.2",
            "source": {
                "type": "svn",
                "url": "https://plugins.svn.wordpress.org/user-role-editor/",
                "reference": "tags/4.25.2"
            },
            "dist": {
                "type": "zip",
                "url": "https://downloads.wordpress.org/plugin/user-role-editor.4.25.2.zip",
                "reference": null,
                "shasum": null
            },
            "require": {
                "composer/installers": "~1.0"
            },
            "type": "wordpress-plugin",
            "homepage": "https://wordpress.org/plugins/user-role-editor/"
        },
        {
            "name": "wpackagist-plugin/wordpress-seo",
            "version": "3.3.2",
            "source": {
                "type": "svn",
                "url": "https://plugins.svn.wordpress.org/wordpress-seo/",
                "reference": "tags/3.3.2"
            },
            "dist": {
                "type": "zip",
                "url": "https://downloads.wordpress.org/plugin/wordpress-seo.3.3.2.zip",
                "reference": null,
                "shasum": null
            },
            "require": {
                "composer/installers": "~1.0"
            },
            "type": "wordpress-plugin",
            "homepage": "https://wordpress.org/plugins/wordpress-seo/"
        }
    ],
    "packages-dev": [],
    "aliases": [],
    "minimum-stability": "dev",
    "stability-flags": [],
    "prefer-stable": false,
    "prefer-lowest": false,
    "platform": [],
    "platform-dev": []
}
